github.com/rohanthewiz/btypedb v0.6.0 h1:ZcpejLoqyy5yC0LvkHtXGnH+odFv+87EwqwShBj9qEo=
github.com/rohanthewiz/btypedb v0.6.0/go.mod h1:K+7M8clbmaVh33X9QYm1sA5A7DWDKOE1+O9WFQflMI0=
github.com/rohanthewiz/btypedb v0.6.1 h1:h8MiuQFDTNk3bsqtUQIPcvLSY/2tBh2PJqvt0AAkdaQ=
github.com/rohanthewiz/btypedb v0.6.1/go.mod h1:K+7M8clbmaVh33X9QYm1sA5A7DWDKOE1+O9WFQflMI0=
github.com/rohanthewiz/btypedb v0.6.2 h1:JaWl0BOuFTBSOqlcd1O1LbBnfgH5jDZF21RYk9ptqjk=
github.com/rohanthewiz/btypedb v0.6.2/go.mod h1:K+7M8clbmaVh33X9QYm1sA5A7DWDKOE1+O9WFQflMI0=
github.com/rohanthewiz/serr v1.4.0 h1:twQnnRRB3+orPJBrdVBaxaYScNE+Dk9MxSLtEabvoGA=
github.com/rohanthewiz/serr v1.4.0/go.mod h1:l01AbjXw1zP0kxe5tX5s/sADHiBbl0Rwfo/igde4b88=
github.com/tidwall/btype v0.3.0 h1:VU0/oeVecbqY+2OpyzN0wPQU9CBvCnmOv3w5A+pn42A=
github.com/tidwall/btype v0.3.0/go.mod h1:IRq7GmniRp9OhEKPIalEyUe/3x9oR8AuuKrdv0ANFbc=
