github.com/rohanthewiz/btypedb v0.4.0 h1:NAjcdyd5p+9lW//gmSYsmgbOo5TPsE9N8sHKSOiVFmA=
github.com/rohanthewiz/btypedb v0.4.0/go.mod h1:UXMcf5yJYchW4lZYjFPE35wlRGw8Mi2xKn6ft8ktjV0=
github.com/rohanthewiz/serr v1.4.0 h1:twQnnRRB3+orPJBrdVBaxaYScNE+Dk9MxSLtEabvoGA=
github.com/rohanthewiz/serr v1.4.0/go.mod h1:l01AbjXw1zP0kxe5tX5s/sADHiBbl0Rwfo/igde4b88=
github.com/tidwall/btype v0.3.0 h1:VU0/oeVecbqY+2OpyzN0wPQU9CBvCnmOv3w5A+pn42A=
github.com/tidwall/btype v0.3.0/go.mod h1:IRq7GmniRp9OhEKPIalEyUe/3x9oR8AuuKrdv0ANFbc=
